// !$*UTF8*$!
{
	archiveVersion = 1;
	classes = {
	};
	objectVersion = 46;
	objects = {

/* Begin PBXBuildFile section */
		75D65F5BDC9240C0AC87AABE /* libPods.a in Frameworks */ = {isa = PBXBuildFile; fileRef = 39B42A1D6FFC44B9BF113406 /* libPods.a */; };
		FC2030F718F70D540003EFF6 /* HelpViewController.m in Sources */ = {isa = PBXBuildFile; fileRef = FC2030F618F70D540003EFF6 /* HelpViewController.m */; };
		FC2030FE18F71CBE0003EFF6 /* AddressBook.framework in Frameworks */ = {isa = PBXBuildFile; fileRef = FC2030FD18F71CBE0003EFF6 /* AddressBook.framework */; };
		FCA35AAF18F8558500F449B6 /* LeaderBoardViewController.m in Sources */ = {isa = PBXBuildFile; fileRef = FCA35AAE18F8558500F449B6 /* LeaderBoardViewController.m */; };
		FCA35AB418F8582D00F449B6 /* TTCounterLabel.m in Sources */ = {isa = PBXBuildFile; fileRef = FCA35AB318F8582D00F449B6 /* TTCounterLabel.m */; };
		FCB0A9B818FD46380079A2E0 /* GCHelper.m in Sources */ = {isa = PBXBuildFile; fileRef = FCB0A9B718FD46380079A2E0 /* GCHelper.m */; };
		FCB0A9BA18FD47130079A2E0 /* GameKit.framework in Frameworks */ = {isa = PBXBuildFile; fileRef = FCB0A9B918FD47130079A2E0 /* GameKit.framework */; };
		FCC5F95818F6A515007F5A62 /* Foundation.framework in Frameworks */ = {isa = PBXBuildFile; fileRef = FCC5F95718F6A515007F5A62 /* Foundation.framework */; };
		FCC5F95A18F6A515007F5A62 /* CoreGraphics.framework in Frameworks */ = {isa = PBXBuildFile; fileRef = FCC5F95918F6A515007F5A62 /* CoreGraphics.framework */; };
		FCC5F95C18F6A515007F5A62 /* UIKit.framework in Frameworks */ = {isa = PBXBuildFile; fileRef = FCC5F95B18F6A515007F5A62 /* UIKit.framework */; };
		FCC5F96218F6A515007F5A62 /* InfoPlist.strings in Resources */ = {isa = PBXBuildFile; fileRef = FCC5F96018F6A515007F5A62 /* InfoPlist.strings */; };
		FCC5F96418F6A515007F5A62 /* main.m in Sources */ = {isa = PBXBuildFile; fileRef = FCC5F96318F6A515007F5A62 /* main.m */; };
		FCC5F96818F6A515007F5A62 /* AppDelegate.m in Sources */ = {isa = PBXBuildFile; fileRef = FCC5F96718F6A515007F5A62 /* AppDelegate.m */; };
		FCC5F96B18F6A515007F5A62 /* Main_iPhone.storyboard in Resources */ = {isa = PBXBuildFile; fileRef = FCC5F96918F6A515007F5A62 /* Main_iPhone.storyboard */; };
		FCC5F96E18F6A515007F5A62 /* Main_iPad.storyboard in Resources */ = {isa = PBXBuildFile; fileRef = FCC5F96C18F6A515007F5A62 /* Main_iPad.storyboard */; };
		FCC5F97618F6A515007F5A62 /* Images.xcassets in Resources */ = {isa = PBXBuildFile; fileRef = FCC5F97518F6A515007F5A62 /* Images.xcassets */; };
		FCC5F97D18F6A515007F5A62 /* XCTest.framework in Frameworks */ = {isa = PBXBuildFile; fileRef = FCC5F97C18F6A515007F5A62 /* XCTest.framework */; };
		FCC5F97E18F6A515007F5A62 /* Foundation.framework in Frameworks */ = {isa = PBXBuildFile; fileRef = FCC5F95718F6A515007F5A62 /* Foundation.framework */; };
		FCC5F97F18F6A515007F5A62 /* UIKit.framework in Frameworks */ = {isa = PBXBuildFile; fileRef = FCC5F95B18F6A515007F5A62 /* UIKit.framework */; };
		FCC5F98718F6A515007F5A62 /* InfoPlist.strings in Resources */ = {isa = PBXBuildFile; fileRef = FCC5F98518F6A515007F5A62 /* InfoPlist.strings */; };
		FCC5F98918F6A515007F5A62 /* Hour_of_powerTests.m in Sources */ = {isa = PBXBuildFile; fileRef = FCC5F98818F6A515007F5A62 /* Hour_of_powerTests.m */; };
		FCC5F9A018F6FB65007F5A62 /* ToCallViewController.m in Sources */ = {isa = PBXBuildFile; fileRef = FCC5F99F18F6FB65007F5A62 /* ToCallViewController.m */; };
		FCE52F4018F8947300E1AADF /* DetailToCallViewController.m in Sources */ = {isa = PBXBuildFile; fileRef = FCE52F3F18F8947300E1AADF /* DetailToCallViewController.m */; };
		FCFF07C718FC2D950022B444 /* call.png in Resources */ = {isa = PBXBuildFile; fileRef = FCFF07C618FC2D950022B444 /* call.png */; };
		FCFF080618FC46890022B444 /* MagicalImportFunctions.m in Sources */ = {isa = PBXBuildFile; fileRef = FCFF07CC18FC46880022B444 /* MagicalImportFunctions.m */; };
		FCFF080718FC46890022B444 /* NSAttributeDescription+MagicalDataImport.m in Sources */ = {isa = PBXBuildFile; fileRef = FCFF07CE18FC46880022B444 /* NSAttributeDescription+MagicalDataImport.m */; };
		FCFF080818FC46890022B444 /* NSEntityDescription+MagicalDataImport.m in Sources */ = {isa = PBXBuildFile; fileRef = FCFF07D018FC46880022B444 /* NSEntityDescription+MagicalDataImport.m */; };
		FCFF080918FC46890022B444 /* NSNumber+MagicalDataImport.m in Sources */ = {isa = PBXBuildFile; fileRef = FCFF07D218FC46880022B444 /* NSNumber+MagicalDataImport.m */; };
		FCFF080A18FC46890022B444 /* NSObject+MagicalDataImport.m in Sources */ = {isa = PBXBuildFile; fileRef = FCFF07D418FC46880022B444 /* NSObject+MagicalDataImport.m */; };
		FCFF080B18FC46890022B444 /* NSRelationshipDescription+MagicalDataImport.m in Sources */ = {isa = PBXBuildFile; fileRef = FCFF07D618FC46880022B444 /* NSRelationshipDescription+MagicalDataImport.m */; };
		FCFF080C18FC46890022B444 /* NSString+MagicalDataImport.m in Sources */ = {isa = PBXBuildFile; fileRef = FCFF07D818FC46880022B444 /* NSString+MagicalDataImport.m */; };
		FCFF080D18FC46890022B444 /* NSManagedObject+MagicalAggregation.m in Sources */ = {isa = PBXBuildFile; fileRef = FCFF07DB18FC46880022B444 /* NSManagedObject+MagicalAggregation.m */; };
		FCFF080E18FC46890022B444 /* NSManagedObject+MagicalDataImport.m in Sources */ = {isa = PBXBuildFile; fileRef = FCFF07DD18FC46880022B444 /* NSManagedObject+MagicalDataImport.m */; };
		FCFF080F18FC46890022B444 /* NSManagedObject+MagicalFinders.m in Sources */ = {isa = PBXBuildFile; fileRef = FCFF07DF18FC46880022B444 /* NSManagedObject+MagicalFinders.m */; };
		FCFF081018FC46890022B444 /* NSManagedObject+MagicalRecord.m in Sources */ = {isa = PBXBuildFile; fileRef = FCFF07E118FC46880022B444 /* NSManagedObject+MagicalRecord.m */; };
		FCFF081118FC46890022B444 /* NSManagedObject+MagicalRequests.m in Sources */ = {isa = PBXBuildFile; fileRef = FCFF07E318FC46880022B444 /* NSManagedObject+MagicalRequests.m */; };
		FCFF081218FC46890022B444 /* NSManagedObjectContext+MagicalObserving.m in Sources */ = {isa = PBXBuildFile; fileRef = FCFF07E618FC46890022B444 /* NSManagedObjectContext+MagicalObserving.m */; };
		FCFF081318FC46890022B444 /* NSManagedObjectContext+MagicalRecord.m in Sources */ = {isa = PBXBuildFile; fileRef = FCFF07E818FC46890022B444 /* NSManagedObjectContext+MagicalRecord.m */; };
		FCFF081418FC46890022B444 /* NSManagedObjectContext+MagicalSaves.m in Sources */ = {isa = PBXBuildFile; fileRef = FCFF07EA18FC46890022B444 /* NSManagedObjectContext+MagicalSaves.m */; };
		FCFF081518FC46890022B444 /* NSManagedObjectContext+MagicalThreading.m in Sources */ = {isa = PBXBuildFile; fileRef = FCFF07EC18FC46890022B444 /* NSManagedObjectContext+MagicalThreading.m */; };
		FCFF081618FC46890022B444 /* NSManagedObjectModel+MagicalRecord.m in Sources */ = {isa = PBXBuildFile; fileRef = FCFF07EE18FC46890022B444 /* NSManagedObjectModel+MagicalRecord.m */; };
		FCFF081718FC46890022B444 /* NSPersistentStore+MagicalRecord.m in Sources */ = {isa = PBXBuildFile; fileRef = FCFF07F018FC46890022B444 /* NSPersistentStore+MagicalRecord.m */; };
		FCFF081818FC46890022B444 /* NSPersistentStoreCoordinator+MagicalRecord.m in Sources */ = {isa = PBXBuildFile; fileRef = FCFF07F218FC46890022B444 /* NSPersistentStoreCoordinator+MagicalRecord.m */; };
		FCFF081918FC46890022B444 /* MagicalRecord+Actions.m in Sources */ = {isa = PBXBuildFile; fileRef = FCFF07F518FC46890022B444 /* MagicalRecord+Actions.m */; };
		FCFF081A18FC46890022B444 /* MagicalRecord+ErrorHandling.m in Sources */ = {isa = PBXBuildFile; fileRef = FCFF07F718FC46890022B444 /* MagicalRecord+ErrorHandling.m */; };
		FCFF081B18FC46890022B444 /* MagicalRecord+iCloud.m in Sources */ = {isa = PBXBuildFile; fileRef = FCFF07F918FC46890022B444 /* MagicalRecord+iCloud.m */; };
		FCFF081C18FC46890022B444 /* MagicalRecord+Options.m in Sources */ = {isa = PBXBuildFile; fileRef = FCFF07FB18FC46890022B444 /* MagicalRecord+Options.m */; };
		FCFF081D18FC46890022B444 /* MagicalRecord+Setup.m in Sources */ = {isa = PBXBuildFile; fileRef = FCFF07FD18FC46890022B444 /* MagicalRecord+Setup.m */; };
		FCFF081E18FC46890022B444 /* MagicalRecord+ShorthandSupport.m in Sources */ = {isa = PBXBuildFile; fileRef = FCFF07FF18FC46890022B444 /* MagicalRecord+ShorthandSupport.m */; };
		FCFF081F18FC46890022B444 /* MagicalRecord.m in Sources */ = {isa = PBXBuildFile; fileRef = FCFF080118FC46890022B444 /* MagicalRecord.m */; };
		FCFF082118FC47A00022B444 /* CoreData.framework in Frameworks */ = {isa = PBXBuildFile; fileRef = FCFF082018FC47A00022B444 /* CoreData.framework */; };
		FCFF082718FC48150022B444 /* Model.xcdatamodeld in Sources */ = {isa = PBXBuildFile; fileRef = FCFF082518FC48150022B444 /* Model.xcdatamodeld */; };
		FCFF082A18FC4C070022B444 /* Contact.m in Sources */ = {isa = PBXBuildFile; fileRef = FCFF082918FC4C070022B444 /* Contact.m */; };
/* End PBXBuildFile section */

/* Begin PBXContainerItemProxy section */
		FCC5F98018F6A515007F5A62 /* PBXContainerItemProxy */ = {
			isa = PBXContainerItemProxy;
			containerPortal = FCC5F94C18F6A515007F5A62 /* Project object */;
			proxyType = 1;
			remoteGlobalIDString = FCC5F95318F6A515007F5A62;
			remoteInfo = "Hour of power";
		};
/* End PBXContainerItemProxy section */

/* Begin PBXFileReference section */
		39B42A1D6FFC44B9BF113406 /* libPods.a */ = {isa = PBXFileReference; explicitFileType = archive.ar; includeInIndex = 0; path = libPods.a; sourceTree = BUILT_PRODUCTS_DIR; };
		577AEFEBA060450982209FC8 /* Pods.xcconfig */ = {isa = PBXFileReference; includeInIndex = 1; lastKnownFileType = text.xcconfig; name = Pods.xcconfig; path = Pods/Pods.xcconfig; sourceTree = "<group>"; };
		FC2030F518F70D540003EFF6 /* HelpViewController.h */ = {isa = PBXFileReference; fileEncoding = 4; lastKnownFileType = sourcecode.c.h; path = HelpViewController.h; sourceTree = "<group>"; };
		FC2030F618F70D540003EFF6 /* HelpViewController.m */ = {isa = PBXFileReference; fileEncoding = 4; lastKnownFileType = sourcecode.c.objc; path = HelpViewController.m; sourceTree = "<group>"; };
		FC2030FD18F71CBE0003EFF6 /* AddressBook.framework */ = {isa = PBXFileReference; lastKnownFileType = wrapper.framework; name = AddressBook.framework; path = System/Library/Frameworks/AddressBook.framework; sourceTree = SDKROOT; };
		FCA35AAD18F8558500F449B6 /* LeaderBoardViewController.h */ = {isa = PBXFileReference; fileEncoding = 4; lastKnownFileType = sourcecode.c.h; path = LeaderBoardViewController.h; sourceTree = "<group>"; };
		FCA35AAE18F8558500F449B6 /* LeaderBoardViewController.m */ = {isa = PBXFileReference; fileEncoding = 4; lastKnownFileType = sourcecode.c.objc; path = LeaderBoardViewController.m; sourceTree = "<group>"; };
		FCA35AB218F8582D00F449B6 /* TTCounterLabel.h */ = {isa = PBXFileReference; fileEncoding = 4; lastKnownFileType = sourcecode.c.h; path = TTCounterLabel.h; sourceTree = "<group>"; };
		FCA35AB318F8582D00F449B6 /* TTCounterLabel.m */ = {isa = PBXFileReference; fileEncoding = 4; lastKnownFileType = sourcecode.c.objc; path = TTCounterLabel.m; sourceTree = "<group>"; };
		FCB0A9B618FD46380079A2E0 /* GCHelper.h */ = {isa = PBXFileReference; fileEncoding = 4; lastKnownFileType = sourcecode.c.h; path = GCHelper.h; sourceTree = "<group>"; };
		FCB0A9B718FD46380079A2E0 /* GCHelper.m */ = {isa = PBXFileReference; fileEncoding = 4; lastKnownFileType = sourcecode.c.objc; path = GCHelper.m; sourceTree = "<group>"; };
		FCB0A9B918FD47130079A2E0 /* GameKit.framework */ = {isa = PBXFileReference; lastKnownFileType = wrapper.framework; name = GameKit.framework; path = System/Library/Frameworks/GameKit.framework; sourceTree = SDKROOT; };
		FCC5F95418F6A515007F5A62 /* Hour of power.app */ = {isa = PBXFileReference; explicitFileType = wrapper.application; includeInIndex = 0; path = "Hour of power.app"; sourceTree = BUILT_PRODUCTS_DIR; };
		FCC5F95718F6A515007F5A62 /* Foundation.framework */ = {isa = PBXFileReference; lastKnownFileType = wrapper.framework; name = Foundation.framework; path = System/Library/Frameworks/Foundation.framework; sourceTree = SDKROOT; };
		FCC5F95918F6A515007F5A62 /* CoreGraphics.framework */ = {isa = PBXFileReference; lastKnownFileType = wrapper.framework; name = CoreGraphics.framework; path = System/Library/Frameworks/CoreGraphics.framework; sourceTree = SDKROOT; };
		FCC5F95B18F6A515007F5A62 /* UIKit.framework */ = {isa = PBXFileReference; lastKnownFileType = wrapper.framework; name = UIKit.framework; path = System/Library/Frameworks/UIKit.framework; sourceTree = SDKROOT; };
		FCC5F95F18F6A515007F5A62 /* Hour of power-Info.plist */ = {isa = PBXFileReference; lastKnownFileType = text.plist.xml; path = "Hour of power-Info.plist"; sourceTree = "<group>"; };
		FCC5F96118F6A515007F5A62 /* en */ = {isa = PBXFileReference; lastKnownFileType = text.plist.strings; name = en; path = en.lproj/InfoPlist.strings; sourceTree = "<group>"; };
		FCC5F96318F6A515007F5A62 /* main.m */ = {isa = PBXFileReference; lastKnownFileType = sourcecode.c.objc; path = main.m; sourceTree = "<group>"; };
		FCC5F96518F6A515007F5A62 /* Hour of power-Prefix.pch */ = {isa = PBXFileReference; lastKnownFileType = sourcecode.c.h; path = "Hour of power-Prefix.pch"; sourceTree = "<group>"; };
		FCC5F96618F6A515007F5A62 /* AppDelegate.h */ = {isa = PBXFileReference; lastKnownFileType = sourcecode.c.h; path = AppDelegate.h; sourceTree = "<group>"; };
		FCC5F96718F6A515007F5A62 /* AppDelegate.m */ = {isa = PBXFileReference; lastKnownFileType = sourcecode.c.objc; path = AppDelegate.m; sourceTree = "<group>"; };
		FCC5F96A18F6A515007F5A62 /* Base */ = {isa = PBXFileReference; lastKnownFileType = file.storyboard; name = Base; path = Base.lproj/Main_iPhone.storyboard; sourceTree = "<group>"; };
		FCC5F96D18F6A515007F5A62 /* Base */ = {isa = PBXFileReference; lastKnownFileType = file.storyboard; name = Base; path = Base.lproj/Main_iPad.storyboard; sourceTree = "<group>"; };
		FCC5F97518F6A515007F5A62 /* Images.xcassets */ = {isa = PBXFileReference; lastKnownFileType = folder.assetcatalog; path = Images.xcassets; sourceTree = "<group>"; };
		FCC5F97B18F6A515007F5A62 /* Hour of powerTests.xctest */ = {isa = PBXFileReference; explicitFileType = wrapper.cfbundle; includeInIndex = 0; path = "Hour of powerTests.xctest"; sourceTree = BUILT_PRODUCTS_DIR; };
		FCC5F97C18F6A515007F5A62 /* XCTest.framework */ = {isa = PBXFileReference; lastKnownFileType = wrapper.framework; name = XCTest.framework; path = Library/Frameworks/XCTest.framework; sourceTree = DEVELOPER_DIR; };
		FCC5F98418F6A515007F5A62 /* Hour of powerTests-Info.plist */ = {isa = PBXFileReference; lastKnownFileType = text.plist.xml; path = "Hour of powerTests-Info.plist"; sourceTree = "<group>"; };
		FCC5F98618F6A515007F5A62 /* en */ = {isa = PBXFileReference; lastKnownFileType = text.plist.strings; name = en; path = en.lproj/InfoPlist.strings; sourceTree = "<group>"; };
		FCC5F98818F6A515007F5A62 /* Hour_of_powerTests.m */ = {isa = PBXFileReference; lastKnownFileType = sourcecode.c.objc; path = Hour_of_powerTests.m; sourceTree = "<group>"; };
		FCC5F99E18F6FB65007F5A62 /* ToCallViewController.h */ = {isa = PBXFileReference; fileEncoding = 4; lastKnownFileType = sourcecode.c.h; path = ToCallViewController.h; sourceTree = "<group>"; };
		FCC5F99F18F6FB65007F5A62 /* ToCallViewController.m */ = {isa = PBXFileReference; fileEncoding = 4; lastKnownFileType = sourcecode.c.objc; path = ToCallViewController.m; sourceTree = "<group>"; };
		FCE52F3E18F8947300E1AADF /* DetailToCallViewController.h */ = {isa = PBXFileReference; fileEncoding = 4; lastKnownFileType = sourcecode.c.h; path = DetailToCallViewController.h; sourceTree = "<group>"; };
		FCE52F3F18F8947300E1AADF /* DetailToCallViewController.m */ = {isa = PBXFileReference; fileEncoding = 4; lastKnownFileType = sourcecode.c.objc; path = DetailToCallViewController.m; sourceTree = "<group>"; };
		FCFF07C618FC2D950022B444 /* call.png */ = {isa = PBXFileReference; lastKnownFileType = image.png; path = call.png; sourceTree = "<group>"; };
		FCFF07CB18FC46880022B444 /* MagicalImportFunctions.h */ = {isa = PBXFileReference; fileEncoding = 4; lastKnownFileType = sourcecode.c.h; path = MagicalImportFunctions.h; sourceTree = "<group>"; };
		FCFF07CC18FC46880022B444 /* MagicalImportFunctions.m */ = {isa = PBXFileReference; fileEncoding = 4; lastKnownFileType = sourcecode.c.objc; path = MagicalImportFunctions.m; sourceTree = "<group>"; };
		FCFF07CD18FC46880022B444 /* NSAttributeDescription+MagicalDataImport.h */ = {isa = PBXFileReference; fileEncoding = 4; lastKnownFileType = sourcecode.c.h; path = "NSAttributeDescription+MagicalDataImport.h"; sourceTree = "<group>"; };
		FCFF07CE18FC46880022B444 /* NSAttributeDescription+MagicalDataImport.m */ = {isa = PBXFileReference; fileEncoding = 4; lastKnownFileType = sourcecode.c.objc; path = "NSAttributeDescription+MagicalDataImport.m"; sourceTree = "<group>"; };
		FCFF07CF18FC46880022B444 /* NSEntityDescription+MagicalDataImport.h */ = {isa = PBXFileReference; fileEncoding = 4; lastKnownFileType = sourcecode.c.h; path = "NSEntityDescription+MagicalDataImport.h"; sourceTree = "<group>"; };
		FCFF07D018FC46880022B444 /* NSEntityDescription+MagicalDataImport.m */ = {isa = PBXFileReference; fileEncoding = 4; lastKnownFileType = sourcecode.c.objc; path = "NSEntityDescription+MagicalDataImport.m"; sourceTree = "<group>"; };
		FCFF07D118FC46880022B444 /* NSNumber+MagicalDataImport.h */ = {isa = PBXFileReference; fileEncoding = 4; lastKnownFileType = sourcecode.c.h; path = "NSNumber+MagicalDataImport.h"; sourceTree = "<group>"; };
		FCFF07D218FC46880022B444 /* NSNumber+MagicalDataImport.m */ = {isa = PBXFileReference; fileEncoding = 4; lastKnownFileType = sourcecode.c.objc; path = "NSNumber+MagicalDataImport.m"; sourceTree = "<group>"; };
		FCFF07D318FC46880022B444 /* NSObject+MagicalDataImport.h */ = {isa = PBXFileReference; fileEncoding = 4; lastKnownFileType = sourcecode.c.h; path = "NSObject+MagicalDataImport.h"; sourceTree = "<group>"; };
		FCFF07D418FC46880022B444 /* NSObject+MagicalDataImport.m */ = {isa = PBXFileReference; fileEncoding = 4; lastKnownFileType = sourcecode.c.objc; path = "NSObject+MagicalDataImport.m"; sourceTree = "<group>"; };
		FCFF07D518FC46880022B444 /* NSRelationshipDescription+MagicalDataImport.h */ = {isa = PBXFileReference; fileEncoding = 4; lastKnownFileType = sourcecode.c.h; path = "NSRelationshipDescription+MagicalDataImport.h"; sourceTree = "<group>"; };
		FCFF07D618FC46880022B444 /* NSRelationshipDescription+MagicalDataImport.m */ = {isa = PBXFileReference; fileEncoding = 4; lastKnownFileType = sourcecode.c.objc; path = "NSRelationshipDescription+MagicalDataImport.m"; sourceTree = "<group>"; };
		FCFF07D718FC46880022B444 /* NSString+MagicalDataImport.h */ = {isa = PBXFileReference; fileEncoding = 4; lastKnownFileType = sourcecode.c.h; path = "NSString+MagicalDataImport.h"; sourceTree = "<group>"; };
		FCFF07D818FC46880022B444 /* NSString+MagicalDataImport.m */ = {isa = PBXFileReference; fileEncoding = 4; lastKnownFileType = sourcecode.c.objc; path = "NSString+MagicalDataImport.m"; sourceTree = "<group>"; };
		FCFF07DA18FC46880022B444 /* NSManagedObject+MagicalAggregation.h */ = {isa = PBXFileReference; fileEncoding = 4; lastKnownFileType = sourcecode.c.h; path = "NSManagedObject+MagicalAggregation.h"; sourceTree = "<group>"; };
		FCFF07DB18FC46880022B444 /* NSManagedObject+MagicalAggregation.m */ = {isa = PBXFileReference; fileEncoding = 4; lastKnownFileType = sourcecode.c.objc; path = "NSManagedObject+MagicalAggregation.m"; sourceTree = "<group>"; };
		FCFF07DC18FC46880022B444 /* NSManagedObject+MagicalDataImport.h */ = {isa = PBXFileReference; fileEncoding = 4; lastKnownFileType = sourcecode.c.h; path = "NSManagedObject+MagicalDataImport.h"; sourceTree = "<group>"; };
		FCFF07DD18FC46880022B444 /* NSManagedObject+MagicalDataImport.m */ = {isa = PBXFileReference; fileEncoding = 4; lastKnownFileType = sourcecode.c.objc; path = "NSManagedObject+MagicalDataImport.m"; sourceTree = "<group>"; };
		FCFF07DE18FC46880022B444 /* NSManagedObject+MagicalFinders.h */ = {isa = PBXFileReference; fileEncoding = 4; lastKnownFileType = sourcecode.c.h; path = "NSManagedObject+MagicalFinders.h"; sourceTree = "<group>"; };
		FCFF07DF18FC46880022B444 /* NSManagedObject+MagicalFinders.m */ = {isa = PBXFileReference; fileEncoding = 4; lastKnownFileType = sourcecode.c.objc; path = "NSManagedObject+MagicalFinders.m"; sourceTree = "<group>"; };
		FCFF07E018FC46880022B444 /* NSManagedObject+MagicalRecord.h */ = {isa = PBXFileReference; fileEncoding = 4; lastKnownFileType = sourcecode.c.h; path = "NSManagedObject+MagicalRecord.h"; sourceTree = "<group>"; };
		FCFF07E118FC46880022B444 /* NSManagedObject+MagicalRecord.m */ = {isa = PBXFileReference; fileEncoding = 4; lastKnownFileType = sourcecode.c.objc; path = "NSManagedObject+MagicalRecord.m"; sourceTree = "<group>"; };
		FCFF07E218FC46880022B444 /* NSManagedObject+MagicalRequests.h */ = {isa = PBXFileReference; fileEncoding = 4; lastKnownFileType = sourcecode.c.h; path = "NSManagedObject+MagicalRequests.h"; sourceTree = "<group>"; };
		FCFF07E318FC46880022B444 /* NSManagedObject+MagicalRequests.m */ = {isa = PBXFileReference; fileEncoding = 4; lastKnownFileType = sourcecode.c.objc; path = "NSManagedObject+MagicalRequests.m"; sourceTree = "<group>"; };
		FCFF07E518FC46890022B444 /* NSManagedObjectContext+MagicalObserving.h */ = {isa = PBXFileReference; fileEncoding = 4; lastKnownFileType = sourcecode.c.h; path = "NSManagedObjectContext+MagicalObserving.h"; sourceTree = "<group>"; };
		FCFF07E618FC46890022B444 /* NSManagedObjectContext+MagicalObserving.m */ = {isa = PBXFileReference; fileEncoding = 4; lastKnownFileType = sourcecode.c.objc; path = "NSManagedObjectContext+MagicalObserving.m"; sourceTree = "<group>"; };
		FCFF07E718FC46890022B444 /* NSManagedObjectContext+MagicalRecord.h */ = {isa = PBXFileReference; fileEncoding = 4; lastKnownFileType = sourcecode.c.h; path = "NSManagedObjectContext+MagicalRecord.h"; sourceTree = "<group>"; };
		FCFF07E818FC46890022B444 /* NSManagedObjectContext+MagicalRecord.m */ = {isa = PBXFileReference; fileEncoding = 4; lastKnownFileType = sourcecode.c.objc; path = "NSManagedObjectContext+MagicalRecord.m"; sourceTree = "<group>"; };
		FCFF07E918FC46890022B444 /* NSManagedObjectContext+MagicalSaves.h */ = {isa = PBXFileReference; fileEncoding = 4; lastKnownFileType = sourcecode.c.h; path = "NSManagedObjectContext+MagicalSaves.h"; sourceTree = "<group>"; };
		FCFF07EA18FC46890022B444 /* NSManagedObjectContext+MagicalSaves.m */ = {isa = PBXFileReference; fileEncoding = 4; lastKnownFileType = sourcecode.c.objc; path = "NSManagedObjectContext+MagicalSaves.m"; sourceTree = "<group>"; };
		FCFF07EB18FC46890022B444 /* NSManagedObjectContext+MagicalThreading.h */ = {isa = PBXFileReference; fileEncoding = 4; lastKnownFileType = sourcecode.c.h; path = "NSManagedObjectContext+MagicalThreading.h"; sourceTree = "<group>"; };
		FCFF07EC18FC46890022B444 /* NSManagedObjectContext+MagicalThreading.m */ = {isa = PBXFileReference; fileEncoding = 4; lastKnownFileType = sourcecode.c.objc; path = "NSManagedObjectContext+MagicalThreading.m"; sourceTree = "<group>"; };
		FCFF07ED18FC46890022B444 /* NSManagedObjectModel+MagicalRecord.h */ = {isa = PBXFileReference; fileEncoding = 4; lastKnownFileType = sourcecode.c.h; path = "NSManagedObjectModel+MagicalRecord.h"; sourceTree = "<group>"; };
		FCFF07EE18FC46890022B444 /* NSManagedObjectModel+MagicalRecord.m */ = {isa = PBXFileReference; fileEncoding = 4; lastKnownFileType = sourcecode.c.objc; path = "NSManagedObjectModel+MagicalRecord.m"; sourceTree = "<group>"; };
		FCFF07EF18FC46890022B444 /* NSPersistentStore+MagicalRecord.h */ = {isa = PBXFileReference; fileEncoding = 4; lastKnownFileType = sourcecode.c.h; path = "NSPersistentStore+MagicalRecord.h"; sourceTree = "<group>"; };
		FCFF07F018FC46890022B444 /* NSPersistentStore+MagicalRecord.m */ = {isa = PBXFileReference; fileEncoding = 4; lastKnownFileType = sourcecode.c.objc; path = "NSPersistentStore+MagicalRecord.m"; sourceTree = "<group>"; };
		FCFF07F118FC46890022B444 /* NSPersistentStoreCoordinator+MagicalRecord.h */ = {isa = PBXFileReference; fileEncoding = 4; lastKnownFileType = sourcecode.c.h; path = "NSPersistentStoreCoordinator+MagicalRecord.h"; sourceTree = "<group>"; };
		FCFF07F218FC46890022B444 /* NSPersistentStoreCoordinator+MagicalRecord.m */ = {isa = PBXFileReference; fileEncoding = 4; lastKnownFileType = sourcecode.c.objc; path = "NSPersistentStoreCoordinator+MagicalRecord.m"; sourceTree = "<group>"; };
		FCFF07F418FC46890022B444 /* MagicalRecord+Actions.h */ = {isa = PBXFileReference; fileEncoding = 4; lastKnownFileType = sourcecode.c.h; path = "MagicalRecord+Actions.h"; sourceTree = "<group>"; };
		FCFF07F518FC46890022B444 /* MagicalRecord+Actions.m */ = {isa = PBXFileReference; fileEncoding = 4; lastKnownFileType = sourcecode.c.objc; path = "MagicalRecord+Actions.m"; sourceTree = "<group>"; };
		FCFF07F618FC46890022B444 /* MagicalRecord+ErrorHandling.h */ = {isa = PBXFileReference; fileEncoding = 4; lastKnownFileType = sourcecode.c.h; path = "MagicalRecord+ErrorHandling.h"; sourceTree = "<group>"; };
		FCFF07F718FC46890022B444 /* MagicalRecord+ErrorHandling.m */ = {isa = PBXFileReference; fileEncoding = 4; lastKnownFileType = sourcecode.c.objc; path = "MagicalRecord+ErrorHandling.m"; sourceTree = "<group>"; };
		FCFF07F818FC46890022B444 /* MagicalRecord+iCloud.h */ = {isa = PBXFileReference; fileEncoding = 4; lastKnownFileType = sourcecode.c.h; path = "MagicalRecord+iCloud.h"; sourceTree = "<group>"; };
		FCFF07F918FC46890022B444 /* MagicalRecord+iCloud.m */ = {isa = PBXFileReference; fileEncoding = 4; lastKnownFileType = sourcecode.c.objc; path = "MagicalRecord+iCloud.m"; sourceTree = "<group>"; };
		FCFF07FA18FC46890022B444 /* MagicalRecord+Options.h */ = {isa = PBXFileReference; fileEncoding = 4; lastKnownFileType = sourcecode.c.h; path = "MagicalRecord+Options.h"; sourceTree = "<group>"; };
		FCFF07FB18FC46890022B444 /* MagicalRecord+Options.m */ = {isa = PBXFileReference; fileEncoding = 4; lastKnownFileType = sourcecode.c.objc; path = "MagicalRecord+Options.m"; sourceTree = "<group>"; };
		FCFF07FC18FC46890022B444 /* MagicalRecord+Setup.h */ = {isa = PBXFileReference; fileEncoding = 4; lastKnownFileType = sourcecode.c.h; path = "MagicalRecord+Setup.h"; sourceTree = "<group>"; };
		FCFF07FD18FC46890022B444 /* MagicalRecord+Setup.m */ = {isa = PBXFileReference; fileEncoding = 4; lastKnownFileType = sourcecode.c.objc; path = "MagicalRecord+Setup.m"; sourceTree = "<group>"; };
		FCFF07FE18FC46890022B444 /* MagicalRecord+ShorthandSupport.h */ = {isa = PBXFileReference; fileEncoding = 4; lastKnownFileType = sourcecode.c.h; path = "MagicalRecord+ShorthandSupport.h"; sourceTree = "<group>"; };
		FCFF07FF18FC46890022B444 /* MagicalRecord+ShorthandSupport.m */ = {isa = PBXFileReference; fileEncoding = 4; lastKnownFileType = sourcecode.c.objc; path = "MagicalRecord+ShorthandSupport.m"; sourceTree = "<group>"; };
		FCFF080018FC46890022B444 /* MagicalRecord.h */ = {isa = PBXFileReference; fileEncoding = 4; lastKnownFileType = sourcecode.c.h; path = MagicalRecord.h; sourceTree = "<group>"; };
		FCFF080118FC46890022B444 /* MagicalRecord.m */ = {isa = PBXFileReference; fileEncoding = 4; lastKnownFileType = sourcecode.c.objc; path = MagicalRecord.m; sourceTree = "<group>"; };
		FCFF080218FC46890022B444 /* MagicalRecordDeprecated.h */ = {isa = PBXFileReference; fileEncoding = 4; lastKnownFileType = sourcecode.c.h; path = MagicalRecordDeprecated.h; sourceTree = "<group>"; };
		FCFF080318FC46890022B444 /* MagicalRecordLogging.h */ = {isa = PBXFileReference; fileEncoding = 4; lastKnownFileType = sourcecode.c.h; path = MagicalRecordLogging.h; sourceTree = "<group>"; };
		FCFF080418FC46890022B444 /* MagicalRecordShorthand.h */ = {isa = PBXFileReference; fileEncoding = 4; lastKnownFileType = sourcecode.c.h; path = MagicalRecordShorthand.h; sourceTree = "<group>"; };
		FCFF080518FC46890022B444 /* CoreData+MagicalRecord.h */ = {isa = PBXFileReference; fileEncoding = 4; lastKnownFileType = sourcecode.c.h; path = "CoreData+MagicalRecord.h"; sourceTree = "<group>"; };
		FCFF082018FC47A00022B444 /* CoreData.framework */ = {isa = PBXFileReference; lastKnownFileType = wrapper.framework; name = CoreData.framework; path = System/Library/Frameworks/CoreData.framework; sourceTree = SDKROOT; };
		FCFF082618FC48150022B444 /* Model.xcdatamodel */ = {isa = PBXFileReference; lastKnownFileType = wrapper.xcdatamodel; path = Model.xcdatamodel; sourceTree = "<group>"; };
		FCFF082818FC4C070022B444 /* Contact.h */ = {isa = PBXFileReference; fileEncoding = 4; lastKnownFileType = sourcecode.c.h; path = Contact.h; sourceTree = "<group>"; };
		FCFF082918FC4C070022B444 /* Contact.m */ = {isa = PBXFileReference; fileEncoding = 4; lastKnownFileType = sourcecode.c.objc; path = Contact.m; sourceTree = "<group>"; };
/* End PBXFileReference section */

/* Begin PBXFrameworksBuildPhase section */
		FCC5F95118F6A515007F5A62 /* Frameworks */ = {
			isa = PBXFrameworksBuildPhase;
			buildActionMask = 2147483647;
			files = (
				FCB0A9BA18FD47130079A2E0 /* GameKit.framework in Frameworks */,
				FCFF082118FC47A00022B444 /* CoreData.framework in Frameworks */,
				FC2030FE18F71CBE0003EFF6 /* AddressBook.framework in Frameworks */,
				FCC5F95A18F6A515007F5A62 /* CoreGraphics.framework in Frameworks */,
				FCC5F95C18F6A515007F5A62 /* UIKit.framework in Frameworks */,
				FCC5F95818F6A515007F5A62 /* Foundation.framework in Frameworks */,
				75D65F5BDC9240C0AC87AABE /* libPods.a in Frameworks */,
			);
			runOnlyForDeploymentPostprocessing = 0;
		};
		FCC5F97818F6A515007F5A62 /* Frameworks */ = {
			isa = PBXFrameworksBuildPhase;
			buildActionMask = 2147483647;
			files = (
				FCC5F97D18F6A515007F5A62 /* XCTest.framework in Frameworks */,
				FCC5F97F18F6A515007F5A62 /* UIKit.framework in Frameworks */,
				FCC5F97E18F6A515007F5A62 /* Foundation.framework in Frameworks */,
			);
			runOnlyForDeploymentPostprocessing = 0;
		};
/* End PBXFrameworksBuildPhase section */

/* Begin PBXGroup section */
		FC2030F818F70D5D0003EFF6 /* Help */ = {
			isa = PBXGroup;
			children = (
				FC2030F518F70D540003EFF6 /* HelpViewController.h */,
				FC2030F618F70D540003EFF6 /* HelpViewController.m */,
			);
			name = Help;
			sourceTree = "<group>";
		};
		FCA35AB018F8558900F449B6 /* LeaderBoard */ = {
			isa = PBXGroup;
			children = (
				FCA35AAD18F8558500F449B6 /* LeaderBoardViewController.h */,
				FCA35AAE18F8558500F449B6 /* LeaderBoardViewController.m */,
				FCB0A9B618FD46380079A2E0 /* GCHelper.h */,
				FCB0A9B718FD46380079A2E0 /* GCHelper.m */,
			);
			name = LeaderBoard;
			sourceTree = "<group>";
		};
		FCA35AB118F8582D00F449B6 /* TTCounterLabel */ = {
			isa = PBXGroup;
			children = (
				FCA35AB218F8582D00F449B6 /* TTCounterLabel.h */,
				FCA35AB318F8582D00F449B6 /* TTCounterLabel.m */,
			);
			path = TTCounterLabel;
			sourceTree = "<group>";
		};
		FCC5F94B18F6A515007F5A62 = {
			isa = PBXGroup;
			children = (
				FCC5F95D18F6A515007F5A62 /* Hour of power */,
				FCC5F98218F6A515007F5A62 /* Hour of powerTests */,
				FCC5F95618F6A515007F5A62 /* Frameworks */,
				FCC5F95518F6A515007F5A62 /* Products */,
				577AEFEBA060450982209FC8 /* Pods.xcconfig */,
			);
			sourceTree = "<group>";
		};
		FCC5F95518F6A515007F5A62 /* Products */ = {
			isa = PBXGroup;
			children = (
				FCC5F95418F6A515007F5A62 /* Hour of power.app */,
				FCC5F97B18F6A515007F5A62 /* Hour of powerTests.xctest */,
			);
			name = Products;
			sourceTree = "<group>";
		};
		FCC5F95618F6A515007F5A62 /* Frameworks */ = {
			isa = PBXGroup;
			children = (
				FCB0A9B918FD47130079A2E0 /* GameKit.framework */,
				FCFF082018FC47A00022B444 /* CoreData.framework */,
				FC2030FD18F71CBE0003EFF6 /* AddressBook.framework */,
				FCC5F95718F6A515007F5A62 /* Foundation.framework */,
				FCC5F95918F6A515007F5A62 /* CoreGraphics.framework */,
				FCC5F95B18F6A515007F5A62 /* UIKit.framework */,
				FCC5F97C18F6A515007F5A62 /* XCTest.framework */,
				39B42A1D6FFC44B9BF113406 /* libPods.a */,
			);
			name = Frameworks;
			sourceTree = "<group>";
		};
		FCC5F95D18F6A515007F5A62 /* Hour of power */ = {
			isa = PBXGroup;
			children = (
				FCFF082518FC48150022B444 /* Model.xcdatamodeld */,
				FCFF082818FC4C070022B444 /* Contact.h */,
				FCFF082918FC4C070022B444 /* Contact.m */,
				FCFF07C818FC46880022B444 /* MagicalRecord */,
				FCA35AB118F8582D00F449B6 /* TTCounterLabel */,
				FCC5F96618F6A515007F5A62 /* AppDelegate.h */,
				FCC5F96718F6A515007F5A62 /* AppDelegate.m */,
				FCC5F96918F6A515007F5A62 /* Main_iPhone.storyboard */,
				FCC5F96C18F6A515007F5A62 /* Main_iPad.storyboard */,
				FCC5F9A118F6FB69007F5A62 /* ToCall */,
				FC2030F818F70D5D0003EFF6 /* Help */,
				FCA35AB018F8558900F449B6 /* LeaderBoard */,
				FCC5F97518F6A515007F5A62 /* Images.xcassets */,
				FCC5F95E18F6A515007F5A62 /* Supporting Files */,
			);
			path = "Hour of power";
			sourceTree = "<group>";
		};
		FCC5F95E18F6A515007F5A62 /* Supporting Files */ = {
			isa = PBXGroup;
			children = (
				FCC5F95F18F6A515007F5A62 /* Hour of power-Info.plist */,
				FCC5F96018F6A515007F5A62 /* InfoPlist.strings */,
				FCC5F96318F6A515007F5A62 /* main.m */,
				FCC5F96518F6A515007F5A62 /* Hour of power-Prefix.pch */,
			);
			name = "Supporting Files";
			sourceTree = "<group>";
		};
		FCC5F98218F6A515007F5A62 /* Hour of powerTests */ = {
			isa = PBXGroup;
			children = (
				FCC5F98818F6A515007F5A62 /* Hour_of_powerTests.m */,
				FCC5F98318F6A515007F5A62 /* Supporting Files */,
			);
			path = "Hour of powerTests";
			sourceTree = "<group>";
		};
		FCC5F98318F6A515007F5A62 /* Supporting Files */ = {
			isa = PBXGroup;
			children = (
				FCC5F98418F6A515007F5A62 /* Hour of powerTests-Info.plist */,
				FCC5F98518F6A515007F5A62 /* InfoPlist.strings */,
			);
			name = "Supporting Files";
			sourceTree = "<group>";
		};
		FCC5F9A118F6FB69007F5A62 /* ToCall */ = {
			isa = PBXGroup;
			children = (
				FCC5F99E18F6FB65007F5A62 /* ToCallViewController.h */,
				FCC5F99F18F6FB65007F5A62 /* ToCallViewController.m */,
				FCFF07C618FC2D950022B444 /* call.png */,
				FCE52F4118F8947700E1AADF /* Detail */,
			);
			name = ToCall;
			sourceTree = "<group>";
		};
		FCE52F4118F8947700E1AADF /* Detail */ = {
			isa = PBXGroup;
			children = (
				FCE52F3E18F8947300E1AADF /* DetailToCallViewController.h */,
				FCE52F3F18F8947300E1AADF /* DetailToCallViewController.m */,
			);
			name = Detail;
			sourceTree = "<group>";
		};
		FCFF07C818FC46880022B444 /* MagicalRecord */ = {
			isa = PBXGroup;
			children = (
				FCFF07C918FC46880022B444 /* Categories */,
				FCFF07F318FC46890022B444 /* Core */,
				FCFF080518FC46890022B444 /* CoreData+MagicalRecord.h */,
			);
			path = MagicalRecord;
			sourceTree = "<group>";
		};
		FCFF07C918FC46880022B444 /* Categories */ = {
			isa = PBXGroup;
			children = (
				FCFF07CA18FC46880022B444 /* DataImport */,
				FCFF07D918FC46880022B444 /* NSManagedObject */,
				FCFF07E418FC46890022B444 /* NSManagedObjectContext */,
				FCFF07ED18FC46890022B444 /* NSManagedObjectModel+MagicalRecord.h */,
				FCFF07EE18FC46890022B444 /* NSManagedObjectModel+MagicalRecord.m */,
				FCFF07EF18FC46890022B444 /* NSPersistentStore+MagicalRecord.h */,
				FCFF07F018FC46890022B444 /* NSPersistentStore+MagicalRecord.m */,
				FCFF07F118FC46890022B444 /* NSPersistentStoreCoordinator+MagicalRecord.h */,
				FCFF07F218FC46890022B444 /* NSPersistentStoreCoordinator+MagicalRecord.m */,
			);
			path = Categories;
			sourceTree = "<group>";
		};
		FCFF07CA18FC46880022B444 /* DataImport */ = {
			isa = PBXGroup;
			children = (
				FCFF07CB18FC46880022B444 /* MagicalImportFunctions.h */,
				FCFF07CC18FC46880022B444 /* MagicalImportFunctions.m */,
				FCFF07CD18FC46880022B444 /* NSAttributeDescription+MagicalDataImport.h */,
				FCFF07CE18FC46880022B444 /* NSAttributeDescription+MagicalDataImport.m */,
				FCFF07CF18FC46880022B444 /* NSEntityDescription+MagicalDataImport.h */,
				FCFF07D018FC46880022B444 /* NSEntityDescription+MagicalDataImport.m */,
				FCFF07D118FC46880022B444 /* NSNumber+MagicalDataImport.h */,
				FCFF07D218FC46880022B444 /* NSNumber+MagicalDataImport.m */,
				FCFF07D318FC46880022B444 /* NSObject+MagicalDataImport.h */,
				FCFF07D418FC46880022B444 /* NSObject+MagicalDataImport.m */,
				FCFF07D518FC46880022B444 /* NSRelationshipDescription+MagicalDataImport.h */,
				FCFF07D618FC46880022B444 /* NSRelationshipDescription+MagicalDataImport.m */,
				FCFF07D718FC46880022B444 /* NSString+MagicalDataImport.h */,
				FCFF07D818FC46880022B444 /* NSString+MagicalDataImport.m */,
			);
			path = DataImport;
			sourceTree = "<group>";
		};
		FCFF07D918FC46880022B444 /* NSManagedObject */ = {
			isa = PBXGroup;
			children = (
				FCFF07DA18FC46880022B444 /* NSManagedObject+MagicalAggregation.h */,
				FCFF07DB18FC46880022B444 /* NSManagedObject+MagicalAggregation.m */,
				FCFF07DC18FC46880022B444 /* NSManagedObject+MagicalDataImport.h */,
				FCFF07DD18FC46880022B444 /* NSManagedObject+MagicalDataImport.m */,
				FCFF07DE18FC46880022B444 /* NSManagedObject+MagicalFinders.h */,
				FCFF07DF18FC46880022B444 /* NSManagedObject+MagicalFinders.m */,
				FCFF07E018FC46880022B444 /* NSManagedObject+MagicalRecord.h */,
				FCFF07E118FC46880022B444 /* NSManagedObject+MagicalRecord.m */,
				FCFF07E218FC46880022B444 /* NSManagedObject+MagicalRequests.h */,
				FCFF07E318FC46880022B444 /* NSManagedObject+MagicalRequests.m */,
			);
			path = NSManagedObject;
			sourceTree = "<group>";
		};
		FCFF07E418FC46890022B444 /* NSManagedObjectContext */ = {
			isa = PBXGroup;
			children = (
				FCFF07E518FC46890022B444 /* NSManagedObjectContext+MagicalObserving.h */,
				FCFF07E618FC46890022B444 /* NSManagedObjectContext+MagicalObserving.m */,
				FCFF07E718FC46890022B444 /* NSManagedObjectContext+MagicalRecord.h */,
				FCFF07E818FC46890022B444 /* NSManagedObjectContext+MagicalRecord.m */,
				FCFF07E918FC46890022B444 /* NSManagedObjectContext+MagicalSaves.h */,
				FCFF07EA18FC46890022B444 /* NSManagedObjectContext+MagicalSaves.m */,
				FCFF07EB18FC46890022B444 /* NSManagedObjectContext+MagicalThreading.h */,
				FCFF07EC18FC46890022B444 /* NSManagedObjectContext+MagicalThreading.m */,
			);
			path = NSManagedObjectContext;
			sourceTree = "<group>";
		};
		FCFF07F318FC46890022B444 /* Core */ = {
			isa = PBXGroup;
			children = (
				FCFF07F418FC46890022B444 /* MagicalRecord+Actions.h */,
				FCFF07F518FC46890022B444 /* MagicalRecord+Actions.m */,
				FCFF07F618FC46890022B444 /* MagicalRecord+ErrorHandling.h */,
				FCFF07F718FC46890022B444 /* MagicalRecord+ErrorHandling.m */,
				FCFF07F818FC46890022B444 /* MagicalRecord+iCloud.h */,
				FCFF07F918FC46890022B444 /* MagicalRecord+iCloud.m */,
				FCFF07FA18FC46890022B444 /* MagicalRecord+Options.h */,
				FCFF07FB18FC46890022B444 /* MagicalRecord+Options.m */,
				FCFF07FC18FC46890022B444 /* MagicalRecord+Setup.h */,
				FCFF07FD18FC46890022B444 /* MagicalRecord+Setup.m */,
				FCFF07FE18FC46890022B444 /* MagicalRecord+ShorthandSupport.h */,
				FCFF07FF18FC46890022B444 /* MagicalRecord+ShorthandSupport.m */,
				FCFF080018FC46890022B444 /* MagicalRecord.h */,
				FCFF080118FC46890022B444 /* MagicalRecord.m */,
				FCFF080218FC46890022B444 /* MagicalRecordDeprecated.h */,
				FCFF080318FC46890022B444 /* MagicalRecordLogging.h */,
				FCFF080418FC46890022B444 /* MagicalRecordShorthand.h */,
			);
			path = Core;
			sourceTree = "<group>";
		};
/* End PBXGroup section */

/* Begin PBXNativeTarget section */
		FCC5F95318F6A515007F5A62 /* Hour of power */ = {
			isa = PBXNativeTarget;
			buildConfigurationList = FCC5F98C18F6A515007F5A62 /* Build configuration list for PBXNativeTarget "Hour of power" */;
			buildPhases = (
				E64C2644E11D49B0BF032CC2 /* Check Pods Manifest.lock */,
				FCC5F95018F6A515007F5A62 /* Sources */,
				FCC5F95118F6A515007F5A62 /* Frameworks */,
				FCC5F95218F6A515007F5A62 /* Resources */,
				0D74455C4D9A49349B18BF25 /* Copy Pods Resources */,
			);
			buildRules = (
			);
			dependencies = (
			);
			name = "Hour of power";
			productName = "Hour of power";
			productReference = FCC5F95418F6A515007F5A62 /* Hour of power.app */;
			productType = "com.apple.product-type.application";
		};
		FCC5F97A18F6A515007F5A62 /* Hour of powerTests */ = {
			isa = PBXNativeTarget;
			buildConfigurationList = FCC5F98F18F6A515007F5A62 /* Build configuration list for PBXNativeTarget "Hour of powerTests" */;
			buildPhases = (
				FCC5F97718F6A515007F5A62 /* Sources */,
				FCC5F97818F6A515007F5A62 /* Frameworks */,
				FCC5F97918F6A515007F5A62 /* Resources */,
			);
			buildRules = (
			);
			dependencies = (
				FCC5F98118F6A515007F5A62 /* PBXTargetDependency */,
			);
			name = "Hour of powerTests";
			productName = "Hour of powerTests";
			productReference = FCC5F97B18F6A515007F5A62 /* Hour of powerTests.xctest */;
			productType = "com.apple.product-type.bundle.unit-test";
		};
/* End PBXNativeTarget section */

/* Begin PBXProject section */
		FCC5F94C18F6A515007F5A62 /* Project object */ = {
			isa = PBXProject;
			attributes = {
				LastUpgradeCheck = 0510;
				ORGANIZATIONNAME = wigwamm;
				TargetAttributes = {
					FCC5F97A18F6A515007F5A62 = {
						TestTargetID = FCC5F95318F6A515007F5A62;
					};
				};
			};
			buildConfigurationList = FCC5F94F18F6A515007F5A62 /* Build configuration list for PBXProject "Hour of power" */;
			compatibilityVersion = "Xcode 3.2";
			developmentRegion = English;
			hasScannedForEncodings = 0;
			knownRegions = (
				en,
				Base,
			);
			mainGroup = FCC5F94B18F6A515007F5A62;
			productRefGroup = FCC5F95518F6A515007F5A62 /* Products */;
			projectDirPath = "";
			projectRoot = "";
			targets = (
				FCC5F95318F6A515007F5A62 /* Hour of power */,
				FCC5F97A18F6A515007F5A62 /* Hour of powerTests */,
			);
		};
/* End PBXProject section */

/* Begin PBXResourcesBuildPhase section */
		FCC5F95218F6A515007F5A62 /* Resources */ = {
			isa = PBXResourcesBuildPhase;
			buildActionMask = 2147483647;
			files = (
				FCC5F96E18F6A515007F5A62 /* Main_iPad.storyboard in Resources */,
				FCFF07C718FC2D950022B444 /* call.png in Resources */,
				FCC5F97618F6A515007F5A62 /* Images.xcassets in Resources */,
				FCC5F96B18F6A515007F5A62 /* Main_iPhone.storyboard in Resources */,
				FCC5F96218F6A515007F5A62 /* InfoPlist.strings in Resources */,
			);
			runOnlyForDeploymentPostprocessing = 0;
		};
		FCC5F97918F6A515007F5A62 /* Resources */ = {
			isa = PBXResourcesBuildPhase;
			buildActionMask = 2147483647;
			files = (
				FCC5F98718F6A515007F5A62 /* InfoPlist.strings in Resources */,
			);
			runOnlyForDeploymentPostprocessing = 0;
		};
/* End PBXResourcesBuildPhase section */

/* Begin PBXShellScriptBuildPhase section */
		0D74455C4D9A49349B18BF25 /* Copy Pods Resources */ = {
			isa = PBXShellScriptBuildPhase;
			buildActionMask = 2147483647;
			files = (
			);
			inputPaths = (
			);
			name = "Copy Pods Resources";
			outputPaths = (
			);
			runOnlyForDeploymentPostprocessing = 0;
			shellPath = /bin/sh;
			shellScript = "\"${SRCROOT}/Pods/Pods-resources.sh\"\n";
			showEnvVarsInLog = 0;
		};
		E64C2644E11D49B0BF032CC2 /* Check Pods Manifest.lock */ = {
			isa = PBXShellScriptBuildPhase;
			buildActionMask = 2147483647;
			files = (
			);
			inputPaths = (
			);
			name = "Check Pods Manifest.lock";
			outputPaths = (
			);
			runOnlyForDeploymentPostprocessing = 0;
			shellPath = /bin/sh;
			shellScript = "diff \"${PODS_ROOT}/../Podfile.lock\" \"${PODS_ROOT}/Manifest.lock\" > /dev/null\nif [[ $? != 0 ]] ; then\n    cat << EOM\nerror: The sandbox is not in sync with the Podfile.lock. Run 'pod install' or update your CocoaPods installation.\nEOM\n    exit 1\nfi\n";
			showEnvVarsInLog = 0;
		};
/* End PBXShellScriptBuildPhase section */

/* Begin PBXSourcesBuildPhase section */
		FCC5F95018F6A515007F5A62 /* Sources */ = {
			isa = PBXSourcesBuildPhase;
			buildActionMask = 2147483647;
			files = (
				FCC5F9A018F6FB65007F5A62 /* ToCallViewController.m in Sources */,
				FCFF081918FC46890022B444 /* MagicalRecord+Actions.m in Sources */,
				FCFF081C18FC46890022B444 /* MagicalRecord+Options.m in Sources */,
				FCFF081718FC46890022B444 /* NSPersistentStore+MagicalRecord.m in Sources */,
				FCC5F96818F6A515007F5A62 /* AppDelegate.m in Sources */,
				FCFF081B18FC46890022B444 /* MagicalRecord+iCloud.m in Sources */,
				FCFF080818FC46890022B444 /* NSEntityDescription+MagicalDataImport.m in Sources */,
				FCC5F96418F6A515007F5A62 /* main.m in Sources */,
				FCA35AB418F8582D00F449B6 /* TTCounterLabel.m in Sources */,
				FCFF080C18FC46890022B444 /* NSString+MagicalDataImport.m in Sources */,
				FCFF081518FC46890022B444 /* NSManagedObjectContext+MagicalThreading.m in Sources */,
				FCFF081218FC46890022B444 /* NSManagedObjectContext+MagicalObserving.m in Sources */,
				FCFF080A18FC46890022B444 /* NSObject+MagicalDataImport.m in Sources */,
				FC2030F718F70D540003EFF6 /* HelpViewController.m in Sources */,
				FCFF080618FC46890022B444 /* MagicalImportFunctions.m in Sources */,
				FCFF081018FC46890022B444 /* NSManagedObject+MagicalRecord.m in Sources */,
				FCFF081418FC46890022B444 /* NSManagedObjectContext+MagicalSaves.m in Sources */,
				FCFF081A18FC46890022B444 /* MagicalRecord+ErrorHandling.m in Sources */,
				FCFF081818FC46890022B444 /* NSPersistentStoreCoordinator+MagicalRecord.m in Sources */,
				FCFF080E18FC46890022B444 /* NSManagedObject+MagicalDataImport.m in Sources */,
				FCFF081318FC46890022B444 /* NSManagedObjectContext+MagicalRecord.m in Sources */,
				FCFF080D18FC46890022B444 /* NSManagedObject+MagicalAggregation.m in Sources */,
				FCFF081E18FC46890022B444 /* MagicalRecord+ShorthandSupport.m in Sources */,
				FCFF081118FC46890022B444 /* NSManagedObject+MagicalRequests.m in Sources */,
				FCFF080718FC46890022B444 /* NSAttributeDescription+MagicalDataImport.m in Sources */,
				FCFF082718FC48150022B444 /* Model.xcdatamodeld in Sources */,
				FCFF081F18FC46890022B444 /* MagicalRecord.m in Sources */,
				FCB0A9B818FD46380079A2E0 /* GCHelper.m in Sources */,
				FCA35AAF18F8558500F449B6 /* LeaderBoardViewController.m in Sources */,
				FCFF081D18FC46890022B444 /* MagicalRecord+Setup.m in Sources */,
				FCFF080B18FC46890022B444 /* NSRelationshipDescription+MagicalDataImport.m in Sources */,
				FCE52F4018F8947300E1AADF /* DetailToCallViewController.m in Sources */,
				FCFF081618FC46890022B444 /* NSManagedObjectModel+MagicalRecord.m in Sources */,
				FCFF082A18FC4C070022B444 /* Contact.m in Sources */,
				FCFF080918FC46890022B444 /* NSNumber+MagicalDataImport.m in Sources */,
				FCFF080F18FC46890022B444 /* NSManagedObject+MagicalFinders.m in Sources */,
			);
			runOnlyForDeploymentPostprocessing = 0;
		};
		FCC5F97718F6A515007F5A62 /* Sources */ = {
			isa = PBXSourcesBuildPhase;
			buildActionMask = 2147483647;
			files = (
				FCC5F98918F6A515007F5A62 /* Hour_of_powerTests.m in Sources */,
			);
			runOnlyForDeploymentPostprocessing = 0;
		};
/* End PBXSourcesBuildPhase section */

/* Begin PBXTargetDependency section */
		FCC5F98118F6A515007F5A62 /* PBXTargetDependency */ = {
			isa = PBXTargetDependency;
			target = FCC5F95318F6A515007F5A62 /* Hour of power */;
			targetProxy = FCC5F98018F6A515007F5A62 /* PBXContainerItemProxy */;
		};
/* End PBXTargetDependency section */

/* Begin PBXVariantGroup section */
		FCC5F96018F6A515007F5A62 /* InfoPlist.strings */ = {
			isa = PBXVariantGroup;
			children = (
				FCC5F96118F6A515007F5A62 /* en */,
			);
			name = InfoPlist.strings;
			sourceTree = "<group>";
		};
		FCC5F96918F6A515007F5A62 /* Main_iPhone.storyboard */ = {
			isa = PBXVariantGroup;
			children = (
				FCC5F96A18F6A515007F5A62 /* Base */,
			);
			name = Main_iPhone.storyboard;
			sourceTree = "<group>";
		};
		FCC5F96C18F6A515007F5A62 /* Main_iPad.storyboard */ = {
			isa = PBXVariantGroup;
			children = (
				FCC5F96D18F6A515007F5A62 /* Base */,
			);
			name = Main_iPad.storyboard;
			sourceTree = "<group>";
		};
		FCC5F98518F6A515007F5A62 /* InfoPlist.strings */ = {
			isa = PBXVariantGroup;
			children = (
				FCC5F98618F6A515007F5A62 /* en */,
			);
			name = InfoPlist.strings;
			sourceTree = "<group>";
		};
/* End PBXVariantGroup section */

/* Begin XCBuildConfiguration section */
		FCC5F98A18F6A515007F5A62 /* Debug */ = {
			isa = XCBuildConfiguration;
			buildSettings = {
				ALWAYS_SEARCH_USER_PATHS = NO;
				CLANG_CXX_LANGUAGE_STANDARD = "gnu++0x";
				CLANG_CXX_LIBRARY = "libc++";
				CLANG_ENABLE_MODULES = YES;
				CLANG_ENABLE_OBJC_ARC = YES;
				CLANG_WARN_BOOL_CONVERSION = YES;
				CLANG_WARN_CONSTANT_CONVERSION = YES;
				CLANG_WARN_DIRECT_OBJC_ISA_USAGE = YES_ERROR;
				CLANG_WARN_EMPTY_BODY = YES;
				CLANG_WARN_ENUM_CONVERSION = YES;
				CLANG_WARN_INT_CONVERSION = YES;
				CLANG_WARN_OBJC_ROOT_CLASS = YES_ERROR;
				CLANG_WARN__DUPLICATE_METHOD_MATCH = YES;
				"CODE_SIGN_IDENTITY[sdk=iphoneos*]" = "iPhone Developer";
				COPY_PHASE_STRIP = NO;
				GCC_C_LANGUAGE_STANDARD = gnu99;
				GCC_DYNAMIC_NO_PIC = NO;
				GCC_OPTIMIZATION_LEVEL = 0;
				GCC_PREPROCESSOR_DEFINITIONS = (
					"DEBUG=1",
					"$(inherited)",
				);
				GCC_SYMBOLS_PRIVATE_EXTERN = NO;
				GCC_WARN_64_TO_32_BIT_CONVERSION = YES;
				GCC_WARN_ABOUT_RETURN_TYPE = YES_ERROR;
				GCC_WARN_UNDECLARED_SELECTOR = YES;
				GCC_WARN_UNINITIALIZED_AUTOS = YES_AGGRESSIVE;
				GCC_WARN_UNUSED_FUNCTION = YES;
				GCC_WARN_UNUSED_VARIABLE = YES;
				IPHONEOS_DEPLOYMENT_TARGET = 7.1;
				ONLY_ACTIVE_ARCH = YES;
				SDKROOT = iphoneos;
				TARGETED_DEVICE_FAMILY = "1,2";
			};
			name = Debug;
		};
		FCC5F98B18F6A515007F5A62 /* Release */ = {
			isa = XCBuildConfiguration;
			buildSettings = {
				ALWAYS_SEARCH_USER_PATHS = NO;
				CLANG_CXX_LANGUAGE_STANDARD = "gnu++0x";
				CLANG_CXX_LIBRARY = "libc++";
				CLANG_ENABLE_MODULES = YES;
				CLANG_ENABLE_OBJC_ARC = YES;
				CLANG_WARN_BOOL_CONVERSION = YES;
				CLANG_WARN_CONSTANT_CONVERSION = YES;
				CLANG_WARN_DIRECT_OBJC_ISA_USAGE = YES_ERROR;
				CLANG_WARN_EMPTY_BODY = YES;
				CLANG_WARN_ENUM_CONVERSION = YES;
				CLANG_WARN_INT_CONVERSION = YES;
				CLANG_WARN_OBJC_ROOT_CLASS = YES_ERROR;
				CLANG_WARN__DUPLICATE_METHOD_MATCH = YES;
				"CODE_SIGN_IDENTITY[sdk=iphoneos*]" = "iPhone Developer";
				COPY_PHASE_STRIP = YES;
				ENABLE_NS_ASSERTIONS = NO;
				GCC_C_LANGUAGE_STANDARD = gnu99;
				GCC_WARN_64_TO_32_BIT_CONVERSION = YES;
				GCC_WARN_ABOUT_RETURN_TYPE = YES_ERROR;
				GCC_WARN_UNDECLARED_SELECTOR = YES;
				GCC_WARN_UNINITIALIZED_AUTOS = YES_AGGRESSIVE;
				GCC_WARN_UNUSED_FUNCTION = YES;
				GCC_WARN_UNUSED_VARIABLE = YES;
				IPHONEOS_DEPLOYMENT_TARGET = 7.1;
				SDKROOT = iphoneos;
				TARGETED_DEVICE_FAMILY = "1,2";
				VALIDATE_PRODUCT = YES;
			};
			name = Release;
		};
		FCC5F98D18F6A515007F5A62 /* Debug */ = {
			isa = XCBuildConfiguration;
			baseConfigurationReference = 577AEFEBA060450982209FC8 /* Pods.xcconfig */;
			buildSettings = {
				ASSETCATALOG_COMPILER_APPICON_NAME = AppIcon;
				ASSETCATALOG_COMPILER_LAUNCHIMAGE_NAME = LaunchImage;
				GCC_PRECOMPILE_PREFIX_HEADER = YES;
				GCC_PREFIX_HEADER = "Hour of power/Hour of power-Prefix.pch";
				INFOPLIST_FILE = "Hour of power/Hour of power-Info.plist";
				IPHONEOS_DEPLOYMENT_TARGET = 7.0;
				PRODUCT_NAME = "$(TARGET_NAME)";
				WRAPPER_EXTENSION = app;
			};
			name = Debug;
		};
		FCC5F98E18F6A515007F5A62 /* Release */ = {
			isa = XCBuildConfiguration;
			baseConfigurationReference = 577AEFEBA060450982209FC8 /* Pods.xcconfig */;
			buildSettings = {
				ASSETCATALOG_COMPILER_APPICON_NAME = AppIcon;
				ASSETCATALOG_COMPILER_LAUNCHIMAGE_NAME = LaunchImage;
				GCC_PRECOMPILE_PREFIX_HEADER = YES;
				GCC_PREFIX_HEADER = "Hour of power/Hour of power-Prefix.pch";
				INFOPLIST_FILE = "Hour of power/Hour of power-Info.plist";
				IPHONEOS_DEPLOYMENT_TARGET = 7.0;
				PRODUCT_NAME = "$(TARGET_NAME)";
				WRAPPER_EXTENSION = app;
			};
			name = Release;
		};
		FCC5F99018F6A515007F5A62 /* Debug */ = {
			isa = XCBuildConfiguration;
			buildSettings = {
				BUNDLE_LOADER = "$(BUILT_PRODUCTS_DIR)/Hour of power.app/Hour of power";
				FRAMEWORK_SEARCH_PATHS = (
					"$(SDKROOT)/Developer/Library/Frameworks",
					"$(inherited)",
					"$(DEVELOPER_FRAMEWORKS_DIR)",
				);
				GCC_PRECOMPILE_PREFIX_HEADER = YES;
				GCC_PREFIX_HEADER = "Hour of power/Hour of power-Prefix.pch";
				GCC_PREPROCESSOR_DEFINITIONS = (
					"DEBUG=1",
					"$(inherited)",
				);
				INFOPLIST_FILE = "Hour of powerTests/Hour of powerTests-Info.plist";
				PRODUCT_NAME = "$(TARGET_NAME)";
				TEST_HOST = "$(BUNDLE_LOADER)";
				WRAPPER_EXTENSION = xctest;
			};
			name = Debug;
		};
		FCC5F99118F6A515007F5A62 /* Release */ = {
			isa = XCBuildConfiguration;
			buildSettings = {
				BUNDLE_LOADER = "$(BUILT_PRODUCTS_DIR)/Hour of power.app/Hour of power";
				FRAMEWORK_SEARCH_PATHS = (
					"$(SDKROOT)/Developer/Library/Frameworks",
					"$(inherited)",
					"$(DEVELOPER_FRAMEWORKS_DIR)",
				);
				GCC_PRECOMPILE_PREFIX_HEADER = YES;
				GCC_PREFIX_HEADER = "Hour of power/Hour of power-Prefix.pch";
				INFOPLIST_FILE = "Hour of powerTests/Hour of powerTests-Info.plist";
				PRODUCT_NAME = "$(TARGET_NAME)";
				TEST_HOST = "$(BUNDLE_LOADER)";
				WRAPPER_EXTENSION = xctest;
			};
			name = Release;
		};
/* End XCBuildConfiguration section */

/* Begin XCConfigurationList section */
		FCC5F94F18F6A515007F5A62 /* Build configuration list for PBXProject "Hour of power" */ = {
			isa = XCConfigurationList;
			buildConfigurations = (
				FCC5F98A18F6A515007F5A62 /* Debug */,
				FCC5F98B18F6A515007F5A62 /* Release */,
			);
			defaultConfigurationIsVisible = 0;
			defaultConfigurationName = Release;
		};
		FCC5F98C18F6A515007F5A62 /* Build configuration list for PBXNativeTarget "Hour of power" */ = {
			isa = XCConfigurationList;
			buildConfigurations = (
				FCC5F98D18F6A515007F5A62 /* Debug */,
				FCC5F98E18F6A515007F5A62 /* Release */,
			);
			defaultConfigurationIsVisible = 0;
			defaultConfigurationName = Release;
		};
		FCC5F98F18F6A515007F5A62 /* Build configuration list for PBXNativeTarget "Hour of powerTests" */ = {
			isa = XCConfigurationList;
			buildConfigurations = (
				FCC5F99018F6A515007F5A62 /* Debug */,
				FCC5F99118F6A515007F5A62 /* Release */,
			);
			defaultConfigurationIsVisible = 0;
			defaultConfigurationName = Release;
		};
/* End XCConfigurationList section */

/* Begin XCVersionGroup section */
		FCFF082518FC48150022B444 /* Model.xcdatamodeld */ = {
			isa = XCVersionGroup;
			children = (
				FCFF082618FC48150022B444 /* Model.xcdatamodel */,
			);
			currentVersion = FCFF082618FC48150022B444 /* Model.xcdatamodel */;
			path = Model.xcdatamodeld;
			sourceTree = "<group>";
			versionGroupType = wrapper.xcdatamodel;
		};
/* End XCVersionGroup section */
	};
	rootObject = FCC5F94C18F6A515007F5A62 /* Project object */;
}
